{
    "version": 3,
    "terraform_version": "0.10.8",
    "serial": 21,
    "lineage": "591ae064-f38e-4653-b422-26084b7cc4dc",
    "modules": [
        {
            "path": [
                "root"
            ],
            "outputs": {
                "frontend_address": {
                    "sensitive": false,
                    "type": "string",
                    "value": "elb-public-frontend-1640533837.us-west-2.elb.amazonaws.com"
                }
            },
            "resources": {
                "aws_elb.frontend_lb": {
                    "type": "aws_elb",
                    "depends_on": [
                        "aws_security_group.elb",
                        "aws_subnet.private",
                        "aws_subnet.public",
                        "module.frontend_ngnix"
                    ],
                    "primary": {
                        "id": "elb-public-frontend",
                        "attributes": {
                            "access_logs.#": "0",
                            "availability_zones.#": "2",
                            "availability_zones.2050015877": "us-west-2c",
                            "availability_zones.221770259": "us-west-2b",
                            "connection_draining": "false",
                            "connection_draining_timeout": "300",
                            "cross_zone_load_balancing": "true",
                            "dns_name": "elb-public-frontend-1640533837.us-west-2.elb.amazonaws.com",
                            "health_check.#": "1",
                            "health_check.0.healthy_threshold": "2",
                            "health_check.0.interval": "30",
                            "health_check.0.target": "HTTP:80/sample",
                            "health_check.0.timeout": "3",
                            "health_check.0.unhealthy_threshold": "2",
                            "id": "elb-public-frontend",
                            "idle_timeout": "60",
                            "instances.#": "2",
                            "instances.2092731339": "i-03fca5e12896799e4",
                            "instances.3141446871": "i-0a75319f447401a84",
                            "internal": "false",
                            "listener.#": "1",
                            "listener.3057123346.instance_port": "80",
                            "listener.3057123346.instance_protocol": "http",
                            "listener.3057123346.lb_port": "80",
                            "listener.3057123346.lb_protocol": "http",
                            "listener.3057123346.ssl_certificate_id": "",
                            "name": "elb-public-frontend",
                            "security_groups.#": "1",
                            "security_groups.1807444569": "sg-bea8afc3",
                            "source_security_group": "553562456653/sec_group_elb",
                            "source_security_group_id": "sg-bea8afc3",
                            "subnets.#": "2",
                            "subnets.1690257125": "subnet-7ddfd926",
                            "subnets.380952208": "subnet-491b7a01",
                            "tags.%": "0",
                            "zone_id": "Z1H1FL5HABSF5"
                        },
                        "meta": {},
                        "tainted": false
                    },
                    "deposed": [],
                    "provider": ""
                },
                "aws_internet_gateway.default": {
                    "type": "aws_internet_gateway",
                    "depends_on": [
                        "aws_vpc.vpc_main"
                    ],
                    "primary": {
                        "id": "igw-6edcde09",
                        "attributes": {
                            "id": "igw-6edcde09",
                            "vpc_id": "vpc-38221c5e"
                        },
                        "meta": {},
                        "tainted": false
                    },
                    "deposed": [],
                    "provider": ""
                },
                "aws_key_pair.auth": {
                    "type": "aws_key_pair",
                    "depends_on": [],
                    "primary": {
                        "id": "default",
                        "attributes": {
                            "id": "default",
                            "key_name": "default",
                            "public_key": "ssh-rsa AAAAB3NzaC1yc2EAAAADAQABAAACAQDOLHJDdcRUBC4DMZoga+/TlyhTVh/FOMZCkxTTweEYxlWe6zJzC6nhXA5CDl4iyaHq20E2uTf1xIQwZwnis2bqV0x6/o8kvJRncAw6mOJMlFv3r6vDgAZQ4swq7ktyVN6weYHyREtTbMhUd7qG4WfDohXW1ndMSgFhpQ7jR+njI0s8K3JrfaI87uRWS2Vn0pDYgGckvP766gKLVg04CAwJFN1CegHdcoxq92QEqDmrvE+dlZUxNtmJwU9Q3OPl57ookLZdwdR6WAlSRCL+eNSqP7ydV5lhUFjzT1WF9lWUZYm5umQdAHzjL2f6eTeX+ASIBm9wJmF38r4N5daTaUiWerrSTU/4R/ScxnkFvVTqaCaXOXGEYvfmw83b7Qg3BS2V6bHlrCoPZS0A6KM4NUCjarJOmTUBnBjRofEbRF/MfGrF+zJYA8KHIPFFrnS3kLT9SfVrOl4eh2ejqu4prX/ue0zGofVbebm/fnxVH+0P2a5Q3oU1TF/Ws7cLBAjQBc03jW1XxkKU4zlTK0uudgdfi4wcOOPb5JUkt+V4kKz+4HWLmEPNXa9LJdW2+sKPtPzm3hgxLCBptEe3t1HpYrVSgsvVd5t0R1iuBnfeWYp9YAzEHyfUcTi4Jg/5y3Q7O3878Z+DDMbRNQQQ7w13nR5kVpjsiCxiaDRB5KoTmjCjAw== kotarusv@gmail.com"
                        },
                        "meta": {
                            "schema_version": "1"
                        },
                        "tainted": false
                    },
                    "deposed": [],
                    "provider": ""
                },
                "aws_route.internet_access": {
                    "type": "aws_route",
                    "depends_on": [
                        "aws_internet_gateway.default",
                        "aws_vpc.vpc_main"
                    ],
                    "primary": {
                        "id": "r-rtb-c26715bb1080289494",
                        "attributes": {
                            "destination_cidr_block": "0.0.0.0/0",
                            "destination_prefix_list_id": "",
                            "egress_only_gateway_id": "",
                            "gateway_id": "igw-6edcde09",
                            "id": "r-rtb-c26715bb1080289494",
                            "instance_id": "",
                            "instance_owner_id": "",
                            "nat_gateway_id": "",
                            "network_interface_id": "",
                            "origin": "CreateRoute",
                            "route_table_id": "rtb-c26715bb",
                            "state": "active",
                            "vpc_peering_connection_id": ""
                        },
                        "meta": {},
                        "tainted": false
                    },
                    "deposed": [],
                    "provider": ""
                },
                "aws_security_group.default": {
                    "type": "aws_security_group",
                    "depends_on": [
                        "aws_subnet.private",
                        "aws_vpc.vpc_main"
                    ],
                    "primary": {
                        "id": "sg-46b6b13b",
                        "attributes": {
                            "description": "Security group for backend servers and private ELBs",
                            "egress.#": "1",
                            "egress.482069346.cidr_blocks.#": "1",
                            "egress.482069346.cidr_blocks.0": "0.0.0.0/0",
                            "egress.482069346.description": "",
                            "egress.482069346.from_port": "0",
                            "egress.482069346.ipv6_cidr_blocks.#": "0",
                            "egress.482069346.prefix_list_ids.#": "0",
                            "egress.482069346.protocol": "-1",
                            "egress.482069346.security_groups.#": "0",
                            "egress.482069346.self": "false",
                            "egress.482069346.to_port": "0",
                            "id": "sg-46b6b13b",
                            "ingress.#": "4",
                            "ingress.1134416952.cidr_blocks.#": "1",
                            "ingress.1134416952.cidr_blocks.0": "10.0.16.0/20",
                            "ingress.1134416952.description": "",
                            "ingress.1134416952.from_port": "0",
                            "ingress.1134416952.ipv6_cidr_blocks.#": "0",
                            "ingress.1134416952.protocol": "-1",
                            "ingress.1134416952.security_groups.#": "0",
                            "ingress.1134416952.self": "false",
                            "ingress.1134416952.to_port": "0",
                            "ingress.2165049311.cidr_blocks.#": "1",
                            "ingress.2165049311.cidr_blocks.0": "10.0.0.0/16",
                            "ingress.2165049311.description": "",
                            "ingress.2165049311.from_port": "80",
                            "ingress.2165049311.ipv6_cidr_blocks.#": "0",
                            "ingress.2165049311.protocol": "tcp",
                            "ingress.2165049311.security_groups.#": "0",
                            "ingress.2165049311.self": "false",
                            "ingress.2165049311.to_port": "80",
                            "ingress.2541437006.cidr_blocks.#": "1",
                            "ingress.2541437006.cidr_blocks.0": "0.0.0.0/0",
                            "ingress.2541437006.description": "",
                            "ingress.2541437006.from_port": "22",
                            "ingress.2541437006.ipv6_cidr_blocks.#": "0",
                            "ingress.2541437006.protocol": "tcp",
                            "ingress.2541437006.security_groups.#": "0",
                            "ingress.2541437006.self": "false",
                            "ingress.2541437006.to_port": "22",
                            "ingress.2876711727.cidr_blocks.#": "1",
                            "ingress.2876711727.cidr_blocks.0": "10.0.0.0/16",
                            "ingress.2876711727.description": "",
                            "ingress.2876711727.from_port": "9000",
                            "ingress.2876711727.ipv6_cidr_blocks.#": "0",
                            "ingress.2876711727.protocol": "tcp",
                            "ingress.2876711727.security_groups.#": "0",
                            "ingress.2876711727.self": "false",
                            "ingress.2876711727.to_port": "9000",
                            "name": "sec_group_private",
                            "owner_id": "553562456653",
                            "revoke_rules_on_delete": "false",
                            "tags.%": "0",
                            "vpc_id": "vpc-38221c5e"
                        },
                        "meta": {
                            "schema_version": "1"
                        },
                        "tainted": false
                    },
                    "deposed": [],
                    "provider": ""
                },
                "aws_security_group.elb": {
                    "type": "aws_security_group",
                    "depends_on": [
                        "aws_vpc.vpc_main"
                    ],
                    "primary": {
                        "id": "sg-bea8afc3",
                        "attributes": {
                            "description": "Security group for public facing ELBs",
                            "egress.#": "1",
                            "egress.482069346.cidr_blocks.#": "1",
                            "egress.482069346.cidr_blocks.0": "0.0.0.0/0",
                            "egress.482069346.description": "",
                            "egress.482069346.from_port": "0",
                            "egress.482069346.ipv6_cidr_blocks.#": "0",
                            "egress.482069346.prefix_list_ids.#": "0",
                            "egress.482069346.protocol": "-1",
                            "egress.482069346.security_groups.#": "0",
                            "egress.482069346.self": "false",
                            "egress.482069346.to_port": "0",
                            "id": "sg-bea8afc3",
                            "ingress.#": "2",
                            "ingress.2214680975.cidr_blocks.#": "1",
                            "ingress.2214680975.cidr_blocks.0": "0.0.0.0/0",
                            "ingress.2214680975.description": "",
                            "ingress.2214680975.from_port": "80",
                            "ingress.2214680975.ipv6_cidr_blocks.#": "0",
                            "ingress.2214680975.protocol": "tcp",
                            "ingress.2214680975.security_groups.#": "0",
                            "ingress.2214680975.self": "false",
                            "ingress.2214680975.to_port": "80",
                            "ingress.2617001939.cidr_blocks.#": "1",
                            "ingress.2617001939.cidr_blocks.0": "0.0.0.0/0",
                            "ingress.2617001939.description": "",
                            "ingress.2617001939.from_port": "443",
                            "ingress.2617001939.ipv6_cidr_blocks.#": "0",
                            "ingress.2617001939.protocol": "tcp",
                            "ingress.2617001939.security_groups.#": "0",
                            "ingress.2617001939.self": "false",
                            "ingress.2617001939.to_port": "443",
                            "name": "sec_group_elb",
                            "owner_id": "553562456653",
                            "revoke_rules_on_delete": "false",
                            "tags.%": "0",
                            "vpc_id": "vpc-38221c5e"
                        },
                        "meta": {
                            "schema_version": "1"
                        },
                        "tainted": false
                    },
                    "deposed": [],
                    "provider": ""
                },
                "aws_subnet.private": {
                    "type": "aws_subnet",
                    "depends_on": [
                        "aws_vpc.vpc_main"
                    ],
                    "primary": {
                        "id": "subnet-491b7a01",
                        "attributes": {
                            "assign_ipv6_address_on_creation": "false",
                            "availability_zone": "us-west-2b",
                            "cidr_block": "10.0.16.0/20",
                            "id": "subnet-491b7a01",
                            "map_public_ip_on_launch": "true",
                            "tags.%": "0",
                            "vpc_id": "vpc-38221c5e"
                        },
                        "meta": {
                            "schema_version": "1"
                        },
                        "tainted": false
                    },
                    "deposed": [],
                    "provider": ""
                },
                "aws_subnet.public": {
                    "type": "aws_subnet",
                    "depends_on": [
                        "aws_vpc.vpc_main"
                    ],
                    "primary": {
                        "id": "subnet-7ddfd926",
                        "attributes": {
                            "assign_ipv6_address_on_creation": "false",
                            "availability_zone": "us-west-2c",
                            "cidr_block": "10.0.1.0/24",
                            "id": "subnet-7ddfd926",
                            "map_public_ip_on_launch": "true",
                            "tags.%": "0",
                            "vpc_id": "vpc-38221c5e"
                        },
                        "meta": {
                            "schema_version": "1"
                        },
                        "tainted": false
                    },
                    "deposed": [],
                    "provider": ""
                },
                "aws_vpc.vpc_main": {
                    "type": "aws_vpc",
                    "depends_on": [],
                    "primary": {
                        "id": "vpc-38221c5e",
                        "attributes": {
                            "assign_generated_ipv6_cidr_block": "false",
                            "cidr_block": "10.0.0.0/16",
                            "default_network_acl_id": "acl-e27bdf9b",
                            "default_route_table_id": "rtb-c26715bb",
                            "default_security_group_id": "sg-02b4b37f",
                            "dhcp_options_id": "dopt-99a2b6fb",
                            "enable_classiclink": "false",
                            "enable_classiclink_dns_support": "false",
                            "enable_dns_hostnames": "true",
                            "enable_dns_support": "true",
                            "id": "vpc-38221c5e",
                            "instance_tenancy": "default",
                            "main_route_table_id": "rtb-c26715bb",
                            "tags.%": "1",
                            "tags.Name": "Main VPC"
                        },
                        "meta": {
                            "schema_version": "1"
                        },
                        "tainted": false
                    },
                    "deposed": [],
                    "provider": ""
                }
            },
            "depends_on": []
        },
        {
            "path": [
                "root",
                "backend_api"
            ],
            "outputs": {},
            "resources": {},
            "depends_on": []
        },
        {
            "path": [
                "root",
                "backend_app"
            ],
            "outputs": {
                "instance_ids": {
                    "sensitive": false,
                    "type": "list",
                    "value": [
                        "i-0e4cdcd362c6f845b",
                        "i-021ebd2c426a1f4ed"
                    ]
                }
            },
            "resources": {
                "aws_instance.instance.0": {
                    "type": "aws_instance",
                    "depends_on": [],
                    "primary": {
                        "id": "i-0e4cdcd362c6f845b",
                        "attributes": {
                            "ami": "ami-0a00ce72",
                            "associate_public_ip_address": "true",
                            "availability_zone": "us-west-2b",
                            "disable_api_termination": "false",
                            "ebs_block_device.#": "0",
                            "ebs_optimized": "false",
                            "ephemeral_block_device.#": "0",
                            "iam_instance_profile": "",
                            "id": "i-0e4cdcd362c6f845b",
                            "instance_state": "running",
                            "instance_type": "t2.micro",
                            "ipv6_addresses.#": "0",
                            "key_name": "default",
                            "monitoring": "false",
                            "network_interface.#": "0",
                            "network_interface_id": "eni-cf8413fc",
                            "primary_network_interface_id": "eni-cf8413fc",
                            "private_dns": "ip-10-0-24-251.us-west-2.compute.internal",
                            "private_ip": "10.0.24.251",
                            "public_dns": "ec2-52-34-196-7.us-west-2.compute.amazonaws.com",
                            "public_ip": "52.34.196.7",
                            "root_block_device.#": "1",
                            "root_block_device.0.delete_on_termination": "true",
                            "root_block_device.0.iops": "0",
                            "root_block_device.0.volume_size": "8",
                            "root_block_device.0.volume_type": "standard",
                            "security_groups.#": "0",
                            "source_dest_check": "true",
                            "subnet_id": "subnet-491b7a01",
                            "tags.%": "2",
                            "tags.Group": "api",
                            "tags.Name": "api01",
                            "tenancy": "default",
                            "volume_tags.%": "0",
                            "vpc_security_group_ids.#": "1",
                            "vpc_security_group_ids.251266064": "sg-46b6b13b"
                        },
                        "meta": {
                            "e2bfb730-ecaa-11e6-8f88-34363bc7c4c0": {
                                "create": 600000000000,
                                "delete": 600000000000,
                                "update": 600000000000
                            },
                            "schema_version": "1"
                        },
                        "tainted": false
                    },
                    "deposed": [],
                    "provider": ""
                },
                "aws_instance.instance.1": {
                    "type": "aws_instance",
                    "depends_on": [],
                    "primary": {
                        "id": "i-021ebd2c426a1f4ed",
                        "attributes": {
                            "ami": "ami-0a00ce72",
                            "associate_public_ip_address": "true",
                            "availability_zone": "us-west-2b",
                            "disable_api_termination": "false",
                            "ebs_block_device.#": "0",
                            "ebs_optimized": "false",
                            "ephemeral_block_device.#": "0",
                            "iam_instance_profile": "",
                            "id": "i-021ebd2c426a1f4ed",
                            "instance_state": "running",
                            "instance_type": "t2.micro",
                            "ipv6_addresses.#": "0",
                            "key_name": "default",
                            "monitoring": "false",
                            "network_interface.#": "0",
                            "network_interface_id": "eni-f68314c5",
                            "primary_network_interface_id": "eni-f68314c5",
                            "private_dns": "ip-10-0-16-34.us-west-2.compute.internal",
                            "private_ip": "10.0.16.34",
                            "public_dns": "ec2-54-70-95-41.us-west-2.compute.amazonaws.com",
                            "public_ip": "54.70.95.41",
                            "root_block_device.#": "1",
                            "root_block_device.0.delete_on_termination": "true",
                            "root_block_device.0.iops": "0",
                            "root_block_device.0.volume_size": "8",
                            "root_block_device.0.volume_type": "standard",
                            "security_groups.#": "0",
                            "source_dest_check": "true",
                            "subnet_id": "subnet-491b7a01",
                            "tags.%": "2",
                            "tags.Group": "api",
                            "tags.Name": "api02",
                            "tenancy": "default",
                            "volume_tags.%": "0",
                            "vpc_security_group_ids.#": "1",
                            "vpc_security_group_ids.251266064": "sg-46b6b13b"
                        },
                        "meta": {
                            "e2bfb730-ecaa-11e6-8f88-34363bc7c4c0": {
                                "create": 600000000000,
                                "delete": 600000000000,
                                "update": 600000000000
                            },
                            "schema_version": "1"
                        },
                        "tainted": false
                    },
                    "deposed": [],
                    "provider": ""
                }
            },
            "depends_on": []
        },
        {
            "path": [
                "root",
                "backend_worker"
            ],
            "outputs": {},
            "resources": {},
            "depends_on": []
        },
        {
            "path": [
                "root",
                "db_mysql"
            ],
            "outputs": {},
            "resources": {},
            "depends_on": []
        },
        {
            "path": [
                "root",
                "frontend"
            ],
            "outputs": {},
            "resources": {},
            "depends_on": []
        },
        {
            "path": [
                "root",
                "frontend_ngnix"
            ],
            "outputs": {
                "instance_ids": {
                    "sensitive": false,
                    "type": "list",
                    "value": [
                        "i-0a75319f447401a84",
                        "i-03fca5e12896799e4"
                    ]
                }
            },
            "resources": {
                "aws_instance.instance.0": {
                    "type": "aws_instance",
                    "depends_on": [],
                    "primary": {
                        "id": "i-0a75319f447401a84",
                        "attributes": {
                            "ami": "ami-0a00ce72",
                            "associate_public_ip_address": "true",
                            "availability_zone": "us-west-2b",
                            "disable_api_termination": "false",
                            "ebs_block_device.#": "0",
                            "ebs_optimized": "false",
                            "ephemeral_block_device.#": "0",
                            "iam_instance_profile": "",
                            "id": "i-0a75319f447401a84",
                            "instance_state": "running",
                            "instance_type": "t2.micro",
                            "ipv6_addresses.#": "0",
                            "key_name": "default",
                            "monitoring": "false",
                            "network_interface.#": "0",
                            "network_interface_id": "eni-268d1a15",
                            "primary_network_interface_id": "eni-268d1a15",
                            "private_dns": "ip-10-0-21-14.us-west-2.compute.internal",
                            "private_ip": "10.0.21.14",
                            "public_dns": "ec2-34-216-40-73.us-west-2.compute.amazonaws.com",
                            "public_ip": "34.216.40.73",
                            "root_block_device.#": "1",
                            "root_block_device.0.delete_on_termination": "true",
                            "root_block_device.0.iops": "0",
                            "root_block_device.0.volume_size": "8",
                            "root_block_device.0.volume_type": "standard",
                            "security_groups.#": "0",
                            "source_dest_check": "true",
                            "subnet_id": "subnet-491b7a01",
                            "tags.%": "2",
                            "tags.Group": "frontend",
                            "tags.Name": "frontend01",
                            "tenancy": "default",
                            "volume_tags.%": "0",
                            "vpc_security_group_ids.#": "1",
                            "vpc_security_group_ids.251266064": "sg-46b6b13b"
                        },
                        "meta": {
                            "e2bfb730-ecaa-11e6-8f88-34363bc7c4c0": {
                                "create": 600000000000,
                                "delete": 600000000000,
                                "update": 600000000000
                            },
                            "schema_version": "1"
                        },
                        "tainted": false
                    },
                    "deposed": [],
                    "provider": ""
                },
                "aws_instance.instance.1": {
                    "type": "aws_instance",
                    "depends_on": [],
                    "primary": {
                        "id": "i-03fca5e12896799e4",
                        "attributes": {
                            "ami": "ami-0a00ce72",
                            "associate_public_ip_address": "true",
                            "availability_zone": "us-west-2b",
                            "disable_api_termination": "false",
                            "ebs_block_device.#": "0",
                            "ebs_optimized": "false",
                            "ephemeral_block_device.#": "0",
                            "iam_instance_profile": "",
                            "id": "i-03fca5e12896799e4",
                            "instance_state": "running",
                            "instance_type": "t2.micro",
                            "ipv6_addresses.#": "0",
                            "key_name": "default",
                            "monitoring": "false",
                            "network_interface.#": "0",
                            "network_interface_id": "eni-e88f18db",
                            "primary_network_interface_id": "eni-e88f18db",
                            "private_dns": "ip-10-0-25-26.us-west-2.compute.internal",
                            "private_ip": "10.0.25.26",
                            "public_dns": "ec2-52-42-136-27.us-west-2.compute.amazonaws.com",
                            "public_ip": "52.42.136.27",
                            "root_block_device.#": "1",
                            "root_block_device.0.delete_on_termination": "true",
                            "root_block_device.0.iops": "0",
                            "root_block_device.0.volume_size": "8",
                            "root_block_device.0.volume_type": "standard",
                            "security_groups.#": "0",
                            "source_dest_check": "true",
                            "subnet_id": "subnet-491b7a01",
                            "tags.%": "2",
                            "tags.Group": "frontend",
                            "tags.Name": "frontend02",
                            "tenancy": "default",
                            "volume_tags.%": "0",
                            "vpc_security_group_ids.#": "1",
                            "vpc_security_group_ids.251266064": "sg-46b6b13b"
                        },
                        "meta": {
                            "e2bfb730-ecaa-11e6-8f88-34363bc7c4c0": {
                                "create": 600000000000,
                                "delete": 600000000000,
                                "update": 600000000000
                            },
                            "schema_version": "1"
                        },
                        "tainted": false
                    },
                    "deposed": [],
                    "provider": ""
                }
            },
            "depends_on": []
        }
    ]
}
